// !$*UTF8*$!
{
	archiveVersion = 1;
	classes = {
	};
	objectVersion = 56;
	objects = {

/* Begin PBXBuildFile section */
		01D112542C747554006B20BB /* NetworkManager.swift in Sources */ = {isa = PBXBuildFile; fileRef = 01D112532C747554006B20BB /* NetworkManager.swift */; };
		01D112732C7610A5006B20BB /* Tabman in Frameworks */ = {isa = PBXBuildFile; productRef = 01D112722C7610A5006B20BB /* Tabman */; };
		01D1127C2C771D2C006B20BB /* LBRequestInterceptor.swift in Sources */ = {isa = PBXBuildFile; fileRef = 01D1127B2C771D2C006B20BB /* LBRequestInterceptor.swift */; };
		01D112802C776E4F006B20BB /* BaseTableViewCell.swift in Sources */ = {isa = PBXBuildFile; fileRef = 01D1127F2C776E4F006B20BB /* BaseTableViewCell.swift */; };
		01D112822C776EEC006B20BB /* YanongTableViewCell.swift in Sources */ = {isa = PBXBuildFile; fileRef = 01D112812C776EEC006B20BB /* YanongTableViewCell.swift */; };
		01D112862C78A8A5006B20BB /* AllGetPostModel.swift in Sources */ = {isa = PBXBuildFile; fileRef = 01D112852C78A8A5006B20BB /* AllGetPostModel.swift */; };
		01D1128C2C79A90E006B20BB /* RegionViewController.swift in Sources */ = {isa = PBXBuildFile; fileRef = 01D1128B2C79A90E006B20BB /* RegionViewController.swift */; };
		01D1128F2C79AEEA006B20BB /* RegionViewModel.swift in Sources */ = {isa = PBXBuildFile; fileRef = 01D1128E2C79AEEA006B20BB /* RegionViewModel.swift */; };
		01E409242C6CD0C60006B86F /* AppDelegate.swift in Sources */ = {isa = PBXBuildFile; fileRef = 01E409232C6CD0C60006B86F /* AppDelegate.swift */; };
		01E409262C6CD0C60006B86F /* SceneDelegate.swift in Sources */ = {isa = PBXBuildFile; fileRef = 01E409252C6CD0C60006B86F /* SceneDelegate.swift */; };
		01E409282C6CD0C60006B86F /* LoginViewController.swift in Sources */ = {isa = PBXBuildFile; fileRef = 01E409272C6CD0C60006B86F /* LoginViewController.swift */; };
		01E4092D2C6CD0C90006B86F /* Assets.xcassets in Resources */ = {isa = PBXBuildFile; fileRef = 01E4092C2C6CD0C90006B86F /* Assets.xcassets */; };
		01E409302C6CD0C90006B86F /* Base in Resources */ = {isa = PBXBuildFile; fileRef = 01E4092F2C6CD0C90006B86F /* Base */; };
		01E409382C6CD1120006B86F /* .gitignore in Resources */ = {isa = PBXBuildFile; fileRef = 01E409372C6CD1120006B86F /* .gitignore */; };
		01E4093B2C6CD6CC0006B86F /* Alamofire in Frameworks */ = {isa = PBXBuildFile; productRef = 01E4093A2C6CD6CC0006B86F /* Alamofire */; };
		01E4093E2C6CD6D60006B86F /* Kingfisher in Frameworks */ = {isa = PBXBuildFile; productRef = 01E4093D2C6CD6D60006B86F /* Kingfisher */; };
		01E409412C6CD6EC0006B86F /* RxCocoa in Frameworks */ = {isa = PBXBuildFile; productRef = 01E409402C6CD6EC0006B86F /* RxCocoa */; };
		01E409432C6CD6EC0006B86F /* RxSwift in Frameworks */ = {isa = PBXBuildFile; productRef = 01E409422C6CD6EC0006B86F /* RxSwift */; };
		01E409462C6CD6F90006B86F /* SnapKit in Frameworks */ = {isa = PBXBuildFile; productRef = 01E409452C6CD6F90006B86F /* SnapKit */; };
		01E409482C6CDD020006B86F /* APIKey.swift in Sources */ = {isa = PBXBuildFile; fileRef = 01E409472C6CDD020006B86F /* APIKey.swift */; };
		01E4094A2C6CDDE70006B86F /* APIUrl.swift in Sources */ = {isa = PBXBuildFile; fileRef = 01E409492C6CDDE70006B86F /* APIUrl.swift */; };
		01E409512C6CE3050006B86F /* BaseViewController.swift in Sources */ = {isa = PBXBuildFile; fileRef = 01E409502C6CE3050006B86F /* BaseViewController.swift */; };
		01E409542C6CE3100006B86F /* BaseView.swift in Sources */ = {isa = PBXBuildFile; fileRef = 01E409532C6CE3100006B86F /* BaseView.swift */; };
		01E409582C6DBDF80006B86F /* HTTPHeaderField.swift in Sources */ = {isa = PBXBuildFile; fileRef = 01E409572C6DBDF80006B86F /* HTTPHeaderField.swift */; };
		01E4095C2C6DC0920006B86F /* TargetType.swift in Sources */ = {isa = PBXBuildFile; fileRef = 01E4095B2C6DC0920006B86F /* TargetType.swift */; };
		01E4095F2C6DC1A90006B86F /* UIViewController+.swift in Sources */ = {isa = PBXBuildFile; fileRef = 01E4095E2C6DC1A90006B86F /* UIViewController+.swift */; };
		01E409612C6DC2110006B86F /* UserDefaultsManager.swift in Sources */ = {isa = PBXBuildFile; fileRef = 01E409602C6DC2110006B86F /* UserDefaultsManager.swift */; };
		01E409632C6DC4460006B86F /* LoginView.swift in Sources */ = {isa = PBXBuildFile; fileRef = 01E409622C6DC4460006B86F /* LoginView.swift */; };
		01E4096E2C6DCDB60006B86F /* Pretendard-Light.ttf in Resources */ = {isa = PBXBuildFile; fileRef = 01E409652C6DCDB50006B86F /* Pretendard-Light.ttf */; };
		01E4096F2C6DCDB60006B86F /* Pretendard-Bold.ttf in Resources */ = {isa = PBXBuildFile; fileRef = 01E409662C6DCDB50006B86F /* Pretendard-Bold.ttf */; };
		01E409702C6DCDB60006B86F /* Pretendard-ExtraBold.ttf in Resources */ = {isa = PBXBuildFile; fileRef = 01E409672C6DCDB60006B86F /* Pretendard-ExtraBold.ttf */; };
		01E409712C6DCDB60006B86F /* Pretendard-Regular.ttf in Resources */ = {isa = PBXBuildFile; fileRef = 01E409682C6DCDB60006B86F /* Pretendard-Regular.ttf */; };
		01E409722C6DCDB60006B86F /* Pretendard-Medium.ttf in Resources */ = {isa = PBXBuildFile; fileRef = 01E409692C6DCDB60006B86F /* Pretendard-Medium.ttf */; };
		01E409732C6DCDB60006B86F /* Pretendard-SemiBold.ttf in Resources */ = {isa = PBXBuildFile; fileRef = 01E4096A2C6DCDB60006B86F /* Pretendard-SemiBold.ttf */; };
		01E409742C6DCDB60006B86F /* Pretendard-Thin.ttf in Resources */ = {isa = PBXBuildFile; fileRef = 01E4096B2C6DCDB60006B86F /* Pretendard-Thin.ttf */; };
		01E409752C6DCDB60006B86F /* Pretendard-ExtraLight.ttf in Resources */ = {isa = PBXBuildFile; fileRef = 01E4096C2C6DCDB60006B86F /* Pretendard-ExtraLight.ttf */; };
		01E409762C6DCDB60006B86F /* Pretendard-Black.ttf in Resources */ = {isa = PBXBuildFile; fileRef = 01E4096D2C6DCDB60006B86F /* Pretendard-Black.ttf */; };
		01E409782C6DD9C90006B86F /* UITextField+.swift in Sources */ = {isa = PBXBuildFile; fileRef = 01E409772C6DD9C90006B86F /* UITextField+.swift */; };
		01E4097B2C6DEBD10006B86F /* LoginViewModel.swift in Sources */ = {isa = PBXBuildFile; fileRef = 01E4097A2C6DEBD10006B86F /* LoginViewModel.swift */; };
		01E4097D2C6DECE10006B86F /* JoinViewController.swift in Sources */ = {isa = PBXBuildFile; fileRef = 01E4097C2C6DECE10006B86F /* JoinViewController.swift */; };
		01E4097F2C6DF1550006B86F /* JoinView.swift in Sources */ = {isa = PBXBuildFile; fileRef = 01E4097E2C6DF1550006B86F /* JoinView.swift */; };
		01E409812C7079C30006B86F /* Router.swift in Sources */ = {isa = PBXBuildFile; fileRef = 01E409802C7079C30006B86F /* Router.swift */; };
		01E409832C707D620006B86F /* LoginQuery.swift in Sources */ = {isa = PBXBuildFile; fileRef = 01E409822C707D620006B86F /* LoginQuery.swift */; };
		01E409872C707F6C0006B86F /* LoginModel.swift in Sources */ = {isa = PBXBuildFile; fileRef = 01E409862C707F6C0006B86F /* LoginModel.swift */; };
		01E409892C707FA90006B86F /* RefreshModel.swift in Sources */ = {isa = PBXBuildFile; fileRef = 01E409882C707FA90006B86F /* RefreshModel.swift */; };
		01E4098C2C709D680006B86F /* HomeViewController.swift in Sources */ = {isa = PBXBuildFile; fileRef = 01E4098B2C709D680006B86F /* HomeViewController.swift */; };
		01E4098E2C70B95F0006B86F /* JoinModel.swift in Sources */ = {isa = PBXBuildFile; fileRef = 01E4098D2C70B95F0006B86F /* JoinModel.swift */; };
		01E409902C70B9C60006B86F /* JoinQuery.swift in Sources */ = {isa = PBXBuildFile; fileRef = 01E4098F2C70B9C60006B86F /* JoinQuery.swift */; };
		01E409922C70BB4B0006B86F /* JoinViewModel.swift in Sources */ = {isa = PBXBuildFile; fileRef = 01E409912C70BB4B0006B86F /* JoinViewModel.swift */; };
		01E4099A2C70E8DB0006B86F /* String+.swift in Sources */ = {isa = PBXBuildFile; fileRef = 01E409992C70E8DB0006B86F /* String+.swift */; };
		01E409A42C73219C0006B86F /* HomeView.swift in Sources */ = {isa = PBXBuildFile; fileRef = 01E409A32C73219C0006B86F /* HomeView.swift */; };
		01E409A72C7325010006B86F /* LBSearchView.swift in Sources */ = {isa = PBXBuildFile; fileRef = 01E409A62C7325010006B86F /* LBSearchView.swift */; };
		01E409A92C732ED90006B86F /* LBBoardView.swift in Sources */ = {isa = PBXBuildFile; fileRef = 01E409A82C732ED90006B86F /* LBBoardView.swift */; };
		01E409AB2C73449D0006B86F /* RecentCollectionViewCell.swift in Sources */ = {isa = PBXBuildFile; fileRef = 01E409AA2C73449D0006B86F /* RecentCollectionViewCell.swift */; };
		01E409AD2C7344D20006B86F /* BaseCollectionViewCell.swift in Sources */ = {isa = PBXBuildFile; fileRef = 01E409AC2C7344D20006B86F /* BaseCollectionViewCell.swift */; };
		01E409B02C735B5A0006B86F /* TabBarViewController.swift in Sources */ = {isa = PBXBuildFile; fileRef = 01E409AF2C735B5A0006B86F /* TabBarViewController.swift */; };
		01E409B42C735C140006B86F /* FavoriteViewController.swift in Sources */ = {isa = PBXBuildFile; fileRef = 01E409B32C735C140006B86F /* FavoriteViewController.swift */; };
		01E409B62C735C280006B86F /* ProfileViewController.swift in Sources */ = {isa = PBXBuildFile; fileRef = 01E409B52C735C280006B86F /* ProfileViewController.swift */; };
		01E409B82C7360C50006B86F /* UIColor+.swift in Sources */ = {isa = PBXBuildFile; fileRef = 01E409B72C7360C50006B86F /* UIColor+.swift */; };
		01E409BA2C736ADF0006B86F /* HomeViewModel.swift in Sources */ = {isa = PBXBuildFile; fileRef = 01E409B92C736ADF0006B86F /* HomeViewModel.swift */; };
		01E409BD2C736E9B0006B86F /* LBTabManViewController.swift in Sources */ = {isa = PBXBuildFile; fileRef = 01E409BC2C736E9B0006B86F /* LBTabManViewController.swift */; };
/* End PBXBuildFile section */

/* Begin PBXFileReference section */
		01D112532C747554006B20BB /* NetworkManager.swift */ = {isa = PBXFileReference; lastKnownFileType = sourcecode.swift; path = NetworkManager.swift; sourceTree = "<group>"; };
		01D1127B2C771D2C006B20BB /* LBRequestInterceptor.swift */ = {isa = PBXFileReference; lastKnownFileType = sourcecode.swift; path = LBRequestInterceptor.swift; sourceTree = "<group>"; };
		01D1127F2C776E4F006B20BB /* BaseTableViewCell.swift */ = {isa = PBXFileReference; lastKnownFileType = sourcecode.swift; path = BaseTableViewCell.swift; sourceTree = "<group>"; };
		01D112812C776EEC006B20BB /* YanongTableViewCell.swift */ = {isa = PBXFileReference; lastKnownFileType = sourcecode.swift; path = YanongTableViewCell.swift; sourceTree = "<group>"; };
		01D112852C78A8A5006B20BB /* AllGetPostModel.swift */ = {isa = PBXFileReference; lastKnownFileType = sourcecode.swift; path = AllGetPostModel.swift; sourceTree = "<group>"; };
		01D1128B2C79A90E006B20BB /* RegionViewController.swift */ = {isa = PBXFileReference; lastKnownFileType = sourcecode.swift; path = RegionViewController.swift; sourceTree = "<group>"; };
		01D1128E2C79AEEA006B20BB /* RegionViewModel.swift */ = {isa = PBXFileReference; lastKnownFileType = sourcecode.swift; path = RegionViewModel.swift; sourceTree = "<group>"; };
		01E409202C6CD0C60006B86F /* LetsBasketball.app */ = {isa = PBXFileReference; explicitFileType = wrapper.application; includeInIndex = 0; path = LetsBasketball.app; sourceTree = BUILT_PRODUCTS_DIR; };
		01E409232C6CD0C60006B86F /* AppDelegate.swift */ = {isa = PBXFileReference; lastKnownFileType = sourcecode.swift; path = AppDelegate.swift; sourceTree = "<group>"; };
		01E409252C6CD0C60006B86F /* SceneDelegate.swift */ = {isa = PBXFileReference; lastKnownFileType = sourcecode.swift; path = SceneDelegate.swift; sourceTree = "<group>"; };
		01E409272C6CD0C60006B86F /* LoginViewController.swift */ = {isa = PBXFileReference; lastKnownFileType = sourcecode.swift; path = LoginViewController.swift; sourceTree = "<group>"; };
		01E4092C2C6CD0C90006B86F /* Assets.xcassets */ = {isa = PBXFileReference; lastKnownFileType = folder.assetcatalog; path = Assets.xcassets; sourceTree = "<group>"; };
		01E4092F2C6CD0C90006B86F /* Base */ = {isa = PBXFileReference; lastKnownFileType = file.storyboard; name = Base; path = Base.lproj/LaunchScreen.storyboard; sourceTree = "<group>"; };
		01E409312C6CD0C90006B86F /* Info.plist */ = {isa = PBXFileReference; lastKnownFileType = text.plist.xml; path = Info.plist; sourceTree = "<group>"; };
		01E409372C6CD1120006B86F /* .gitignore */ = {isa = PBXFileReference; lastKnownFileType = text; path = .gitignore; sourceTree = "<group>"; };
		01E409472C6CDD020006B86F /* APIKey.swift */ = {isa = PBXFileReference; lastKnownFileType = sourcecode.swift; path = APIKey.swift; sourceTree = "<group>"; };
		01E409492C6CDDE70006B86F /* APIUrl.swift */ = {isa = PBXFileReference; lastKnownFileType = sourcecode.swift; path = APIUrl.swift; sourceTree = "<group>"; };
		01E409502C6CE3050006B86F /* BaseViewController.swift */ = {isa = PBXFileReference; lastKnownFileType = sourcecode.swift; path = BaseViewController.swift; sourceTree = "<group>"; };
		01E409532C6CE3100006B86F /* BaseView.swift */ = {isa = PBXFileReference; lastKnownFileType = sourcecode.swift; path = BaseView.swift; sourceTree = "<group>"; };
		01E409572C6DBDF80006B86F /* HTTPHeaderField.swift */ = {isa = PBXFileReference; lastKnownFileType = sourcecode.swift; path = HTTPHeaderField.swift; sourceTree = "<group>"; };
		01E4095B2C6DC0920006B86F /* TargetType.swift */ = {isa = PBXFileReference; lastKnownFileType = sourcecode.swift; path = TargetType.swift; sourceTree = "<group>"; };
		01E4095E2C6DC1A90006B86F /* UIViewController+.swift */ = {isa = PBXFileReference; lastKnownFileType = sourcecode.swift; path = "UIViewController+.swift"; sourceTree = "<group>"; };
		01E409602C6DC2110006B86F /* UserDefaultsManager.swift */ = {isa = PBXFileReference; lastKnownFileType = sourcecode.swift; path = UserDefaultsManager.swift; sourceTree = "<group>"; };
		01E409622C6DC4460006B86F /* LoginView.swift */ = {isa = PBXFileReference; lastKnownFileType = sourcecode.swift; path = LoginView.swift; sourceTree = "<group>"; };
		01E409652C6DCDB50006B86F /* Pretendard-Light.ttf */ = {isa = PBXFileReference; lastKnownFileType = file; path = "Pretendard-Light.ttf"; sourceTree = "<group>"; };
		01E409662C6DCDB50006B86F /* Pretendard-Bold.ttf */ = {isa = PBXFileReference; lastKnownFileType = file; path = "Pretendard-Bold.ttf"; sourceTree = "<group>"; };
		01E409672C6DCDB60006B86F /* Pretendard-ExtraBold.ttf */ = {isa = PBXFileReference; lastKnownFileType = file; path = "Pretendard-ExtraBold.ttf"; sourceTree = "<group>"; };
		01E409682C6DCDB60006B86F /* Pretendard-Regular.ttf */ = {isa = PBXFileReference; lastKnownFileType = file; path = "Pretendard-Regular.ttf"; sourceTree = "<group>"; };
		01E409692C6DCDB60006B86F /* Pretendard-Medium.ttf */ = {isa = PBXFileReference; lastKnownFileType = file; path = "Pretendard-Medium.ttf"; sourceTree = "<group>"; };
		01E4096A2C6DCDB60006B86F /* Pretendard-SemiBold.ttf */ = {isa = PBXFileReference; lastKnownFileType = file; path = "Pretendard-SemiBold.ttf"; sourceTree = "<group>"; };
		01E4096B2C6DCDB60006B86F /* Pretendard-Thin.ttf */ = {isa = PBXFileReference; lastKnownFileType = file; path = "Pretendard-Thin.ttf"; sourceTree = "<group>"; };
		01E4096C2C6DCDB60006B86F /* Pretendard-ExtraLight.ttf */ = {isa = PBXFileReference; lastKnownFileType = file; path = "Pretendard-ExtraLight.ttf"; sourceTree = "<group>"; };
		01E4096D2C6DCDB60006B86F /* Pretendard-Black.ttf */ = {isa = PBXFileReference; lastKnownFileType = file; path = "Pretendard-Black.ttf"; sourceTree = "<group>"; };
		01E409772C6DD9C90006B86F /* UITextField+.swift */ = {isa = PBXFileReference; lastKnownFileType = sourcecode.swift; path = "UITextField+.swift"; sourceTree = "<group>"; };
		01E4097A2C6DEBD10006B86F /* LoginViewModel.swift */ = {isa = PBXFileReference; lastKnownFileType = sourcecode.swift; path = LoginViewModel.swift; sourceTree = "<group>"; };
		01E4097C2C6DECE10006B86F /* JoinViewController.swift */ = {isa = PBXFileReference; lastKnownFileType = sourcecode.swift; path = JoinViewController.swift; sourceTree = "<group>"; };
		01E4097E2C6DF1550006B86F /* JoinView.swift */ = {isa = PBXFileReference; lastKnownFileType = sourcecode.swift; path = JoinView.swift; sourceTree = "<group>"; };
		01E409802C7079C30006B86F /* Router.swift */ = {isa = PBXFileReference; lastKnownFileType = sourcecode.swift; path = Router.swift; sourceTree = "<group>"; };
		01E409822C707D620006B86F /* LoginQuery.swift */ = {isa = PBXFileReference; lastKnownFileType = sourcecode.swift; path = LoginQuery.swift; sourceTree = "<group>"; };
		01E409862C707F6C0006B86F /* LoginModel.swift */ = {isa = PBXFileReference; lastKnownFileType = sourcecode.swift; path = LoginModel.swift; sourceTree = "<group>"; };
		01E409882C707FA90006B86F /* RefreshModel.swift */ = {isa = PBXFileReference; lastKnownFileType = sourcecode.swift; path = RefreshModel.swift; sourceTree = "<group>"; };
		01E4098B2C709D680006B86F /* HomeViewController.swift */ = {isa = PBXFileReference; lastKnownFileType = sourcecode.swift; path = HomeViewController.swift; sourceTree = "<group>"; };
		01E4098D2C70B95F0006B86F /* JoinModel.swift */ = {isa = PBXFileReference; lastKnownFileType = sourcecode.swift; path = JoinModel.swift; sourceTree = "<group>"; };
		01E4098F2C70B9C60006B86F /* JoinQuery.swift */ = {isa = PBXFileReference; lastKnownFileType = sourcecode.swift; path = JoinQuery.swift; sourceTree = "<group>"; };
		01E409912C70BB4B0006B86F /* JoinViewModel.swift */ = {isa = PBXFileReference; lastKnownFileType = sourcecode.swift; path = JoinViewModel.swift; sourceTree = "<group>"; };
		01E409992C70E8DB0006B86F /* String+.swift */ = {isa = PBXFileReference; lastKnownFileType = sourcecode.swift; path = "String+.swift"; sourceTree = "<group>"; };
		01E409A32C73219C0006B86F /* HomeView.swift */ = {isa = PBXFileReference; lastKnownFileType = sourcecode.swift; path = HomeView.swift; sourceTree = "<group>"; };
		01E409A62C7325010006B86F /* LBSearchView.swift */ = {isa = PBXFileReference; lastKnownFileType = sourcecode.swift; path = LBSearchView.swift; sourceTree = "<group>"; };
		01E409A82C732ED90006B86F /* LBBoardView.swift */ = {isa = PBXFileReference; lastKnownFileType = sourcecode.swift; path = LBBoardView.swift; sourceTree = "<group>"; };
		01E409AA2C73449D0006B86F /* RecentCollectionViewCell.swift */ = {isa = PBXFileReference; lastKnownFileType = sourcecode.swift; path = RecentCollectionViewCell.swift; sourceTree = "<group>"; };
		01E409AC2C7344D20006B86F /* BaseCollectionViewCell.swift */ = {isa = PBXFileReference; lastKnownFileType = sourcecode.swift; path = BaseCollectionViewCell.swift; sourceTree = "<group>"; };
		01E409AF2C735B5A0006B86F /* TabBarViewController.swift */ = {isa = PBXFileReference; lastKnownFileType = sourcecode.swift; path = TabBarViewController.swift; sourceTree = "<group>"; };
		01E409B32C735C140006B86F /* FavoriteViewController.swift */ = {isa = PBXFileReference; lastKnownFileType = sourcecode.swift; path = FavoriteViewController.swift; sourceTree = "<group>"; };
		01E409B52C735C280006B86F /* ProfileViewController.swift */ = {isa = PBXFileReference; lastKnownFileType = sourcecode.swift; path = ProfileViewController.swift; sourceTree = "<group>"; };
		01E409B72C7360C50006B86F /* UIColor+.swift */ = {isa = PBXFileReference; lastKnownFileType = sourcecode.swift; path = "UIColor+.swift"; sourceTree = "<group>"; };
		01E409B92C736ADF0006B86F /* HomeViewModel.swift */ = {isa = PBXFileReference; lastKnownFileType = sourcecode.swift; path = HomeViewModel.swift; sourceTree = "<group>"; };
		01E409BC2C736E9B0006B86F /* LBTabManViewController.swift */ = {isa = PBXFileReference; lastKnownFileType = sourcecode.swift; path = LBTabManViewController.swift; sourceTree = "<group>"; };
/* End PBXFileReference section */

/* Begin PBXFrameworksBuildPhase section */
		01E4091D2C6CD0C60006B86F /* Frameworks */ = {
			isa = PBXFrameworksBuildPhase;
			buildActionMask = 2147483647;
			files = (
				01E409412C6CD6EC0006B86F /* RxCocoa in Frameworks */,
				01E4093E2C6CD6D60006B86F /* Kingfisher in Frameworks */,
				01E409432C6CD6EC0006B86F /* RxSwift in Frameworks */,
				01E4093B2C6CD6CC0006B86F /* Alamofire in Frameworks */,
				01E409462C6CD6F90006B86F /* SnapKit in Frameworks */,
				01D112732C7610A5006B20BB /* Tabman in Frameworks */,
			);
			runOnlyForDeploymentPostprocessing = 0;
		};
/* End PBXFrameworksBuildPhase section */

/* Begin PBXGroup section */
		01D112832C78A81E006B20BB /* GetPost */ = {
			isa = PBXGroup;
			children = (
				01D112852C78A8A5006B20BB /* AllGetPostModel.swift */,
			);
			path = GetPost;
			sourceTree = "<group>";
		};
		01D112842C78A850006B20BB /* Refresh */ = {
			isa = PBXGroup;
			children = (
				01E409882C707FA90006B86F /* RefreshModel.swift */,
			);
			path = Refresh;
			sourceTree = "<group>";
		};
		01E409172C6CD0C60006B86F = {
			isa = PBXGroup;
			children = (
				01E409372C6CD1120006B86F /* .gitignore */,
				01E409222C6CD0C60006B86F /* LetsBasketball */,
				01E409212C6CD0C60006B86F /* Products */,
			);
			sourceTree = "<group>";
		};
		01E409212C6CD0C60006B86F /* Products */ = {
			isa = PBXGroup;
			children = (
				01E409202C6CD0C60006B86F /* LetsBasketball.app */,
			);
			name = Products;
			sourceTree = "<group>";
		};
		01E409222C6CD0C60006B86F /* LetsBasketball */ = {
			isa = PBXGroup;
			children = (
				01E4094B2C6CDF840006B86F /* Resource */,
				01E4094C2C6CDF8A0006B86F /* Source */,
				01E409472C6CDD020006B86F /* APIKey.swift */,
				01E409492C6CDDE70006B86F /* APIUrl.swift */,
				01E409312C6CD0C90006B86F /* Info.plist */,
			);
			path = LetsBasketball;
			sourceTree = "<group>";
		};
		01E4094B2C6CDF840006B86F /* Resource */ = {
			isa = PBXGroup;
			children = (
				01E409642C6DCD400006B86F /* Font */,
				01E4092C2C6CD0C90006B86F /* Assets.xcassets */,
				01E4092E2C6CD0C90006B86F /* LaunchScreen.storyboard */,
			);
			path = Resource;
			sourceTree = "<group>";
		};
		01E4094C2C6CDF8A0006B86F /* Source */ = {
			isa = PBXGroup;
			children = (
				01E409A52C7324F20006B86F /* Util */,
				01E4095D2C6DC19C0006B86F /* Extension */,
				01E409562C6CE3DB0006B86F /* Network */,
				01E4094D2C6CDF970006B86F /* Application */,
				01E4094E2C6CE2E10006B86F /* Presentation */,
			);
			path = Source;
			sourceTree = "<group>";
		};
		01E4094D2C6CDF970006B86F /* Application */ = {
			isa = PBXGroup;
			children = (
				01E409232C6CD0C60006B86F /* AppDelegate.swift */,
				01E409252C6CD0C60006B86F /* SceneDelegate.swift */,
			);
			path = Application;
			sourceTree = "<group>";
		};
		01E4094E2C6CE2E10006B86F /* Presentation */ = {
			isa = PBXGroup;
			children = (
				01E409AE2C735B4A0006B86F /* TabBar */,
				01E409B22C735C070006B86F /* Profile */,
				01E409B12C735C000006B86F /* Favorite */,
				01E4098A2C709D540006B86F /* Home */,
				01E409552C6CE31A0006B86F /* Onboarding */,
				01E4094F2C6CE2F80006B86F /* Base */,
			);
			path = Presentation;
			sourceTree = "<group>";
		};
		01E4094F2C6CE2F80006B86F /* Base */ = {
			isa = PBXGroup;
			children = (
				01E409502C6CE3050006B86F /* BaseViewController.swift */,
				01E409532C6CE3100006B86F /* BaseView.swift */,
				01E409AC2C7344D20006B86F /* BaseCollectionViewCell.swift */,
				01D1127F2C776E4F006B20BB /* BaseTableViewCell.swift */,
			);
			path = Base;
			sourceTree = "<group>";
		};
		01E409552C6CE31A0006B86F /* Onboarding */ = {
			isa = PBXGroup;
			children = (
				01E409972C70E6180006B86F /* Login */,
				01E409982C70E6240006B86F /* Join */,
			);
			path = Onboarding;
			sourceTree = "<group>";
		};
		01E409562C6CE3DB0006B86F /* Network */ = {
			isa = PBXGroup;
			children = (
				01D112842C78A850006B20BB /* Refresh */,
				01D112832C78A81E006B20BB /* GetPost */,
				01E4095A2C6DC0270006B86F /* Onboarding */,
				01E409592C6DC01C0006B86F /* Base */,
			);
			path = Network;
			sourceTree = "<group>";
		};
		01E409592C6DC01C0006B86F /* Base */ = {
			isa = PBXGroup;
			children = (
				01E409572C6DBDF80006B86F /* HTTPHeaderField.swift */,
				01E4095B2C6DC0920006B86F /* TargetType.swift */,
				01E409602C6DC2110006B86F /* UserDefaultsManager.swift */,
				01D112532C747554006B20BB /* NetworkManager.swift */,
				01D1127B2C771D2C006B20BB /* LBRequestInterceptor.swift */,
				01E409802C7079C30006B86F /* Router.swift */,
			);
			path = Base;
			sourceTree = "<group>";
		};
		01E4095A2C6DC0270006B86F /* Onboarding */ = {
			isa = PBXGroup;
			children = (
				01E409952C70E4740006B86F /* ResponseDTO */,
				01E409942C70E46F0006B86F /* RequestDTO */,
			);
			path = Onboarding;
			sourceTree = "<group>";
		};
		01E4095D2C6DC19C0006B86F /* Extension */ = {
			isa = PBXGroup;
			children = (
				01E4095E2C6DC1A90006B86F /* UIViewController+.swift */,
				01E409B72C7360C50006B86F /* UIColor+.swift */,
				01E409772C6DD9C90006B86F /* UITextField+.swift */,
				01E409992C70E8DB0006B86F /* String+.swift */,
			);
			path = Extension;
			sourceTree = "<group>";
		};
		01E409642C6DCD400006B86F /* Font */ = {
			isa = PBXGroup;
			children = (
				01E4096D2C6DCDB60006B86F /* Pretendard-Black.ttf */,
				01E409662C6DCDB50006B86F /* Pretendard-Bold.ttf */,
				01E409672C6DCDB60006B86F /* Pretendard-ExtraBold.ttf */,
				01E4096C2C6DCDB60006B86F /* Pretendard-ExtraLight.ttf */,
				01E409652C6DCDB50006B86F /* Pretendard-Light.ttf */,
				01E409692C6DCDB60006B86F /* Pretendard-Medium.ttf */,
				01E409682C6DCDB60006B86F /* Pretendard-Regular.ttf */,
				01E4096A2C6DCDB60006B86F /* Pretendard-SemiBold.ttf */,
				01E4096B2C6DCDB60006B86F /* Pretendard-Thin.ttf */,
			);
			path = Font;
			sourceTree = "<group>";
		};
		01E4098A2C709D540006B86F /* Home */ = {
			isa = PBXGroup;
			children = (
				01E409BE2C736F6D0006B86F /* Home */,
				01E409BB2C736E8F0006B86F /* Yanong */,
			);
			path = Home;
			sourceTree = "<group>";
		};
		01E409942C70E46F0006B86F /* RequestDTO */ = {
			isa = PBXGroup;
			children = (
				01E409822C707D620006B86F /* LoginQuery.swift */,
				01E4098F2C70B9C60006B86F /* JoinQuery.swift */,
			);
			path = RequestDTO;
			sourceTree = "<group>";
		};
		01E409952C70E4740006B86F /* ResponseDTO */ = {
			isa = PBXGroup;
			children = (
				01E409862C707F6C0006B86F /* LoginModel.swift */,
				01E4098D2C70B95F0006B86F /* JoinModel.swift */,
			);
			path = ResponseDTO;
			sourceTree = "<group>";
		};
		01E409972C70E6180006B86F /* Login */ = {
			isa = PBXGroup;
			children = (
				01E409272C6CD0C60006B86F /* LoginViewController.swift */,
				01E4097A2C6DEBD10006B86F /* LoginViewModel.swift */,
				01E409622C6DC4460006B86F /* LoginView.swift */,
			);
			path = Login;
			sourceTree = "<group>";
		};
		01E409982C70E6240006B86F /* Join */ = {
			isa = PBXGroup;
			children = (
				01E4097C2C6DECE10006B86F /* JoinViewController.swift */,
				01E409912C70BB4B0006B86F /* JoinViewModel.swift */,
				01E4097E2C6DF1550006B86F /* JoinView.swift */,
			);
			path = Join;
			sourceTree = "<group>";
		};
		01E409A52C7324F20006B86F /* Util */ = {
			isa = PBXGroup;
			children = (
				01E409A62C7325010006B86F /* LBSearchView.swift */,
				01E409A82C732ED90006B86F /* LBBoardView.swift */,
			);
			path = Util;
			sourceTree = "<group>";
		};
		01E409AE2C735B4A0006B86F /* TabBar */ = {
			isa = PBXGroup;
			children = (
				01E409AF2C735B5A0006B86F /* TabBarViewController.swift */,
			);
			path = TabBar;
			sourceTree = "<group>";
		};
		01E409B12C735C000006B86F /* Favorite */ = {
			isa = PBXGroup;
			children = (
				01E409B32C735C140006B86F /* FavoriteViewController.swift */,
			);
			path = Favorite;
			sourceTree = "<group>";
		};
		01E409B22C735C070006B86F /* Profile */ = {
			isa = PBXGroup;
			children = (
				01E409B52C735C280006B86F /* ProfileViewController.swift */,
			);
			path = Profile;
			sourceTree = "<group>";
		};
		01E409BB2C736E8F0006B86F /* Yanong */ = {
			isa = PBXGroup;
			children = (
				01E409BC2C736E9B0006B86F /* LBTabManViewController.swift */,
				01D112812C776EEC006B20BB /* YanongTableViewCell.swift */,
				01D1128B2C79A90E006B20BB /* RegionViewController.swift */,
				01D1128E2C79AEEA006B20BB /* RegionViewModel.swift */,
			);
			path = Yanong;
			sourceTree = "<group>";
		};
		01E409BE2C736F6D0006B86F /* Home */ = {
			isa = PBXGroup;
			children = (
				01E4098B2C709D680006B86F /* HomeViewController.swift */,
				01E409B92C736ADF0006B86F /* HomeViewModel.swift */,
				01E409A32C73219C0006B86F /* HomeView.swift */,
				01E409AA2C73449D0006B86F /* RecentCollectionViewCell.swift */,
			);
			path = Home;
			sourceTree = "<group>";
		};
/* End PBXGroup section */

/* Begin PBXNativeTarget section */
		01E4091F2C6CD0C60006B86F /* LetsBasketball */ = {
			isa = PBXNativeTarget;
			buildConfigurationList = 01E409342C6CD0C90006B86F /* Build configuration list for PBXNativeTarget "LetsBasketball" */;
			buildPhases = (
				01E4091C2C6CD0C60006B86F /* Sources */,
				01E4091D2C6CD0C60006B86F /* Frameworks */,
				01E4091E2C6CD0C60006B86F /* Resources */,
			);
			buildRules = (
			);
			dependencies = (
			);
			name = LetsBasketball;
			packageProductDependencies = (
				01E4093A2C6CD6CC0006B86F /* Alamofire */,
				01E4093D2C6CD6D60006B86F /* Kingfisher */,
				01E409402C6CD6EC0006B86F /* RxCocoa */,
				01E409422C6CD6EC0006B86F /* RxSwift */,
				01E409452C6CD6F90006B86F /* SnapKit */,
				01D112722C7610A5006B20BB /* Tabman */,
			);
			productName = LetsBasketball;
			productReference = 01E409202C6CD0C60006B86F /* LetsBasketball.app */;
			productType = "com.apple.product-type.application";
		};
/* End PBXNativeTarget section */

/* Begin PBXProject section */
		01E409182C6CD0C60006B86F /* Project object */ = {
			isa = PBXProject;
			attributes = {
				BuildIndependentTargetsInParallel = 1;
				LastSwiftUpdateCheck = 1530;
				LastUpgradeCheck = 1530;
				TargetAttributes = {
					01E4091F2C6CD0C60006B86F = {
						CreatedOnToolsVersion = 15.3;
					};
				};
			};
			buildConfigurationList = 01E4091B2C6CD0C60006B86F /* Build configuration list for PBXProject "LetsBasketball" */;
			compatibilityVersion = "Xcode 14.0";
			developmentRegion = en;
			hasScannedForEncodings = 0;
			knownRegions = (
				en,
				Base,
			);
			mainGroup = 01E409172C6CD0C60006B86F;
			packageReferences = (
				01E409392C6CD6CC0006B86F /* XCRemoteSwiftPackageReference "Alamofire" */,
				01E4093C2C6CD6D60006B86F /* XCRemoteSwiftPackageReference "Kingfisher" */,
				01E4093F2C6CD6EC0006B86F /* XCRemoteSwiftPackageReference "RxSwift" */,
				01E409442C6CD6F90006B86F /* XCRemoteSwiftPackageReference "SnapKit" */,
				01D112712C7610A5006B20BB /* XCRemoteSwiftPackageReference "Tabman" */,
			);
			productRefGroup = 01E409212C6CD0C60006B86F /* Products */;
			projectDirPath = "";
			projectRoot = "";
			targets = (
				01E4091F2C6CD0C60006B86F /* LetsBasketball */,
			);
		};
/* End PBXProject section */

/* Begin PBXResourcesBuildPhase section */
		01E4091E2C6CD0C60006B86F /* Resources */ = {
			isa = PBXResourcesBuildPhase;
			buildActionMask = 2147483647;
			files = (
				01E409732C6DCDB60006B86F /* Pretendard-SemiBold.ttf in Resources */,
				01E409722C6DCDB60006B86F /* Pretendard-Medium.ttf in Resources */,
				01E409382C6CD1120006B86F /* .gitignore in Resources */,
				01E409712C6DCDB60006B86F /* Pretendard-Regular.ttf in Resources */,
				01E4096F2C6DCDB60006B86F /* Pretendard-Bold.ttf in Resources */,
				01E4092D2C6CD0C90006B86F /* Assets.xcassets in Resources */,
				01E409742C6DCDB60006B86F /* Pretendard-Thin.ttf in Resources */,
				01E409702C6DCDB60006B86F /* Pretendard-ExtraBold.ttf in Resources */,
				01E4096E2C6DCDB60006B86F /* Pretendard-Light.ttf in Resources */,
				01E409302C6CD0C90006B86F /* Base in Resources */,
				01E409752C6DCDB60006B86F /* Pretendard-ExtraLight.ttf in Resources */,
				01E409762C6DCDB60006B86F /* Pretendard-Black.ttf in Resources */,
			);
			runOnlyForDeploymentPostprocessing = 0;
		};
/* End PBXResourcesBuildPhase section */

/* Begin PBXSourcesBuildPhase section */
		01E4091C2C6CD0C60006B86F /* Sources */ = {
			isa = PBXSourcesBuildPhase;
			buildActionMask = 2147483647;
			files = (
				01D1128F2C79AEEA006B20BB /* RegionViewModel.swift in Sources */,
				01D1128C2C79A90E006B20BB /* RegionViewController.swift in Sources */,
				01D112862C78A8A5006B20BB /* AllGetPostModel.swift in Sources */,
				01D112542C747554006B20BB /* NetworkManager.swift in Sources */,
				01E409B02C735B5A0006B86F /* TabBarViewController.swift in Sources */,
				01E409A42C73219C0006B86F /* HomeView.swift in Sources */,
				01E409892C707FA90006B86F /* RefreshModel.swift in Sources */,
				01E4094A2C6CDDE70006B86F /* APIUrl.swift in Sources */,
				01E409782C6DD9C90006B86F /* UITextField+.swift in Sources */,
				01E409A92C732ED90006B86F /* LBBoardView.swift in Sources */,
				01E409582C6DBDF80006B86F /* HTTPHeaderField.swift in Sources */,
				01D112802C776E4F006B20BB /* BaseTableViewCell.swift in Sources */,
				01E4095F2C6DC1A90006B86F /* UIViewController+.swift in Sources */,
				01E409872C707F6C0006B86F /* LoginModel.swift in Sources */,
				01E4098C2C709D680006B86F /* HomeViewController.swift in Sources */,
				01E409902C70B9C60006B86F /* JoinQuery.swift in Sources */,
				01E409832C707D620006B86F /* LoginQuery.swift in Sources */,
				01E4099A2C70E8DB0006B86F /* String+.swift in Sources */,
				01D112822C776EEC006B20BB /* YanongTableViewCell.swift in Sources */,
				01E4097F2C6DF1550006B86F /* JoinView.swift in Sources */,
				01E409282C6CD0C60006B86F /* LoginViewController.swift in Sources */,
				01E409BD2C736E9B0006B86F /* LBTabManViewController.swift in Sources */,
				01E409612C6DC2110006B86F /* UserDefaultsManager.swift in Sources */,
				01E4097B2C6DEBD10006B86F /* LoginViewModel.swift in Sources */,
				01D1127C2C771D2C006B20BB /* LBRequestInterceptor.swift in Sources */,
				01E409922C70BB4B0006B86F /* JoinViewModel.swift in Sources */,
				01E409BA2C736ADF0006B86F /* HomeViewModel.swift in Sources */,
				01E4095C2C6DC0920006B86F /* TargetType.swift in Sources */,
				01E4098E2C70B95F0006B86F /* JoinModel.swift in Sources */,
				01E409632C6DC4460006B86F /* LoginView.swift in Sources */,
				01E409B42C735C140006B86F /* FavoriteViewController.swift in Sources */,
				01E409812C7079C30006B86F /* Router.swift in Sources */,
				01E409B62C735C280006B86F /* ProfileViewController.swift in Sources */,
				01E409242C6CD0C60006B86F /* AppDelegate.swift in Sources */,
				01E409482C6CDD020006B86F /* APIKey.swift in Sources */,
				01E409AD2C7344D20006B86F /* BaseCollectionViewCell.swift in Sources */,
				01E409542C6CE3100006B86F /* BaseView.swift in Sources */,
				01E409A72C7325010006B86F /* LBSearchView.swift in Sources */,
				01E409262C6CD0C60006B86F /* SceneDelegate.swift in Sources */,
				01E409AB2C73449D0006B86F /* RecentCollectionViewCell.swift in Sources */,
				01E4097D2C6DECE10006B86F /* JoinViewController.swift in Sources */,
				01E409512C6CE3050006B86F /* BaseViewController.swift in Sources */,
				01E409B82C7360C50006B86F /* UIColor+.swift in Sources */,
			);
			runOnlyForDeploymentPostprocessing = 0;
		};
/* End PBXSourcesBuildPhase section */

/* Begin PBXVariantGroup section */
		01E4092E2C6CD0C90006B86F /* LaunchScreen.storyboard */ = {
			isa = PBXVariantGroup;
			children = (
				01E4092F2C6CD0C90006B86F /* Base */,
			);
			name = LaunchScreen.storyboard;
			sourceTree = "<group>";
		};
/* End PBXVariantGroup section */

/* Begin XCBuildConfiguration section */
		01E409322C6CD0C90006B86F /* Debug */ = {
			isa = XCBuildConfiguration;
			buildSettings = {
				ALWAYS_SEARCH_USER_PATHS = NO;
				ASSETCATALOG_COMPILER_GENERATE_SWIFT_ASSET_SYMBOL_EXTENSIONS = YES;
				CLANG_ANALYZER_NONNULL = YES;
				CLANG_ANALYZER_NUMBER_OBJECT_CONVERSION = YES_AGGRESSIVE;
				CLANG_CXX_LANGUAGE_STANDARD = "gnu++20";
				CLANG_ENABLE_MODULES = YES;
				CLANG_ENABLE_OBJC_ARC = YES;
				CLANG_ENABLE_OBJC_WEAK = YES;
				CLANG_WARN_BLOCK_CAPTURE_AUTORELEASING = YES;
				CLANG_WARN_BOOL_CONVERSION = YES;
				CLANG_WARN_COMMA = YES;
				CLANG_WARN_CONSTANT_CONVERSION = YES;
				CLANG_WARN_DEPRECATED_OBJC_IMPLEMENTATIONS = YES;
				CLANG_WARN_DIRECT_OBJC_ISA_USAGE = YES_ERROR;
				CLANG_WARN_DOCUMENTATION_COMMENTS = YES;
				CLANG_WARN_EMPTY_BODY = YES;
				CLANG_WARN_ENUM_CONVERSION = YES;
				CLANG_WARN_INFINITE_RECURSION = YES;
				CLANG_WARN_INT_CONVERSION = YES;
				CLANG_WARN_NON_LITERAL_NULL_CONVERSION = YES;
				CLANG_WARN_OBJC_IMPLICIT_RETAIN_SELF = YES;
				CLANG_WARN_OBJC_LITERAL_CONVERSION = YES;
				CLANG_WARN_OBJC_ROOT_CLASS = YES_ERROR;
				CLANG_WARN_QUOTED_INCLUDE_IN_FRAMEWORK_HEADER = YES;
				CLANG_WARN_RANGE_LOOP_ANALYSIS = YES;
				CLANG_WARN_STRICT_PROTOTYPES = YES;
				CLANG_WARN_SUSPICIOUS_MOVE = YES;
				CLANG_WARN_UNGUARDED_AVAILABILITY = YES_AGGRESSIVE;
				CLANG_WARN_UNREACHABLE_CODE = YES;
				CLANG_WARN__DUPLICATE_METHOD_MATCH = YES;
				COPY_PHASE_STRIP = NO;
				DEBUG_INFORMATION_FORMAT = dwarf;
				ENABLE_STRICT_OBJC_MSGSEND = YES;
				ENABLE_TESTABILITY = YES;
				ENABLE_USER_SCRIPT_SANDBOXING = YES;
				GCC_C_LANGUAGE_STANDARD = gnu17;
				GCC_DYNAMIC_NO_PIC = NO;
				GCC_NO_COMMON_BLOCKS = YES;
				GCC_OPTIMIZATION_LEVEL = 0;
				GCC_PREPROCESSOR_DEFINITIONS = (
					"DEBUG=1",
					"$(inherited)",
				);
				GCC_WARN_64_TO_32_BIT_CONVERSION = YES;
				GCC_WARN_ABOUT_RETURN_TYPE = YES_ERROR;
				GCC_WARN_UNDECLARED_SELECTOR = YES;
				GCC_WARN_UNINITIALIZED_AUTOS = YES_AGGRESSIVE;
				GCC_WARN_UNUSED_FUNCTION = YES;
				GCC_WARN_UNUSED_VARIABLE = YES;
				IPHONEOS_DEPLOYMENT_TARGET = 17.4;
				LOCALIZATION_PREFERS_STRING_CATALOGS = YES;
				MTL_ENABLE_DEBUG_INFO = INCLUDE_SOURCE;
				MTL_FAST_MATH = YES;
				ONLY_ACTIVE_ARCH = YES;
				SDKROOT = iphoneos;
				SWIFT_ACTIVE_COMPILATION_CONDITIONS = "DEBUG $(inherited)";
				SWIFT_OPTIMIZATION_LEVEL = "-Onone";
			};
			name = Debug;
		};
		01E409332C6CD0C90006B86F /* Release */ = {
			isa = XCBuildConfiguration;
			buildSettings = {
				ALWAYS_SEARCH_USER_PATHS = NO;
				ASSETCATALOG_COMPILER_GENERATE_SWIFT_ASSET_SYMBOL_EXTENSIONS = YES;
				CLANG_ANALYZER_NONNULL = YES;
				CLANG_ANALYZER_NUMBER_OBJECT_CONVERSION = YES_AGGRESSIVE;
				CLANG_CXX_LANGUAGE_STANDARD = "gnu++20";
				CLANG_ENABLE_MODULES = YES;
				CLANG_ENABLE_OBJC_ARC = YES;
				CLANG_ENABLE_OBJC_WEAK = YES;
				CLANG_WARN_BLOCK_CAPTURE_AUTORELEASING = YES;
				CLANG_WARN_BOOL_CONVERSION = YES;
				CLANG_WARN_COMMA = YES;
				CLANG_WARN_CONSTANT_CONVERSION = YES;
				CLANG_WARN_DEPRECATED_OBJC_IMPLEMENTATIONS = YES;
				CLANG_WARN_DIRECT_OBJC_ISA_USAGE = YES_ERROR;
				CLANG_WARN_DOCUMENTATION_COMMENTS = YES;
				CLANG_WARN_EMPTY_BODY = YES;
				CLANG_WARN_ENUM_CONVERSION = YES;
				CLANG_WARN_INFINITE_RECURSION = YES;
				CLANG_WARN_INT_CONVERSION = YES;
				CLANG_WARN_NON_LITERAL_NULL_CONVERSION = YES;
				CLANG_WARN_OBJC_IMPLICIT_RETAIN_SELF = YES;
				CLANG_WARN_OBJC_LITERAL_CONVERSION = YES;
				CLANG_WARN_OBJC_ROOT_CLASS = YES_ERROR;
				CLANG_WARN_QUOTED_INCLUDE_IN_FRAMEWORK_HEADER = YES;
				CLANG_WARN_RANGE_LOOP_ANALYSIS = YES;
				CLANG_WARN_STRICT_PROTOTYPES = YES;
				CLANG_WARN_SUSPICIOUS_MOVE = YES;
				CLANG_WARN_UNGUARDED_AVAILABILITY = YES_AGGRESSIVE;
				CLANG_WARN_UNREACHABLE_CODE = YES;
				CLANG_WARN__DUPLICATE_METHOD_MATCH = YES;
				COPY_PHASE_STRIP = NO;
				DEBUG_INFORMATION_FORMAT = "dwarf-with-dsym";
				ENABLE_NS_ASSERTIONS = NO;
				ENABLE_STRICT_OBJC_MSGSEND = YES;
				ENABLE_USER_SCRIPT_SANDBOXING = YES;
				GCC_C_LANGUAGE_STANDARD = gnu17;
				GCC_NO_COMMON_BLOCKS = YES;
				GCC_WARN_64_TO_32_BIT_CONVERSION = YES;
				GCC_WARN_ABOUT_RETURN_TYPE = YES_ERROR;
				GCC_WARN_UNDECLARED_SELECTOR = YES;
				GCC_WARN_UNINITIALIZED_AUTOS = YES_AGGRESSIVE;
				GCC_WARN_UNUSED_FUNCTION = YES;
				GCC_WARN_UNUSED_VARIABLE = YES;
				IPHONEOS_DEPLOYMENT_TARGET = 17.4;
				LOCALIZATION_PREFERS_STRING_CATALOGS = YES;
				MTL_ENABLE_DEBUG_INFO = NO;
				MTL_FAST_MATH = YES;
				SDKROOT = iphoneos;
				SWIFT_COMPILATION_MODE = wholemodule;
				VALIDATE_PRODUCT = YES;
			};
			name = Release;
		};
		01E409352C6CD0C90006B86F /* Debug */ = {
			isa = XCBuildConfiguration;
			buildSettings = {
				ASSETCATALOG_COMPILER_APPICON_NAME = AppIcon;
				ASSETCATALOG_COMPILER_GLOBAL_ACCENT_COLOR_NAME = AccentColor;
				CODE_SIGN_STYLE = Automatic;
				CURRENT_PROJECT_VERSION = 1;
				DEVELOPMENT_TEAM = 7S6PH8TVFD;
				GENERATE_INFOPLIST_FILE = YES;
				INFOPLIST_FILE = LetsBasketball/Info.plist;
				INFOPLIST_KEY_UIApplicationSupportsIndirectInputEvents = YES;
				INFOPLIST_KEY_UILaunchStoryboardName = LaunchScreen;
				INFOPLIST_KEY_UISupportedInterfaceOrientations = UIInterfaceOrientationPortrait;
				INFOPLIST_KEY_UISupportedInterfaceOrientations_iPad = "UIInterfaceOrientationLandscapeLeft UIInterfaceOrientationLandscapeRight UIInterfaceOrientationPortrait UIInterfaceOrientationPortraitUpsideDown";
				IPHONEOS_DEPLOYMENT_TARGET = 13.0;
				LD_RUNPATH_SEARCH_PATHS = (
					"$(inherited)",
					"@executable_path/Frameworks",
				);
				MARKETING_VERSION = 1.0;
				PRODUCT_BUNDLE_IDENTIFIER = com.seokho.LetsBasketball;
				PRODUCT_NAME = "$(TARGET_NAME)";
				SUPPORTED_PLATFORMS = "iphoneos iphonesimulator";
				SUPPORTS_MACCATALYST = NO;
				SUPPORTS_MAC_DESIGNED_FOR_IPHONE_IPAD = NO;
				SUPPORTS_XR_DESIGNED_FOR_IPHONE_IPAD = NO;
				SWIFT_EMIT_LOC_STRINGS = YES;
				SWIFT_VERSION = 5.0;
				TARGETED_DEVICE_FAMILY = 1;
			};
			name = Debug;
		};
		01E409362C6CD0C90006B86F /* Release */ = {
			isa = XCBuildConfiguration;
			buildSettings = {
				ASSETCATALOG_COMPILER_APPICON_NAME = AppIcon;
				ASSETCATALOG_COMPILER_GLOBAL_ACCENT_COLOR_NAME = AccentColor;
				CODE_SIGN_STYLE = Automatic;
				CURRENT_PROJECT_VERSION = 1;
				DEVELOPMENT_TEAM = 7S6PH8TVFD;
				GENERATE_INFOPLIST_FILE = YES;
				INFOPLIST_FILE = LetsBasketball/Info.plist;
				INFOPLIST_KEY_UIApplicationSupportsIndirectInputEvents = YES;
				INFOPLIST_KEY_UILaunchStoryboardName = LaunchScreen;
				INFOPLIST_KEY_UISupportedInterfaceOrientations = UIInterfaceOrientationPortrait;
				INFOPLIST_KEY_UISupportedInterfaceOrientations_iPad = "UIInterfaceOrientationLandscapeLeft UIInterfaceOrientationLandscapeRight UIInterfaceOrientationPortrait UIInterfaceOrientationPortraitUpsideDown";
				IPHONEOS_DEPLOYMENT_TARGET = 13.0;
				LD_RUNPATH_SEARCH_PATHS = (
					"$(inherited)",
					"@executable_path/Frameworks",
				);
				MARKETING_VERSION = 1.0;
				PRODUCT_BUNDLE_IDENTIFIER = com.seokho.LetsBasketball;
				PRODUCT_NAME = "$(TARGET_NAME)";
				SUPPORTED_PLATFORMS = "iphoneos iphonesimulator";
				SUPPORTS_MACCATALYST = NO;
				SUPPORTS_MAC_DESIGNED_FOR_IPHONE_IPAD = NO;
				SUPPORTS_XR_DESIGNED_FOR_IPHONE_IPAD = NO;
				SWIFT_EMIT_LOC_STRINGS = YES;
				SWIFT_VERSION = 5.0;
				TARGETED_DEVICE_FAMILY = 1;
			};
			name = Release;
		};
/* End XCBuildConfiguration section */

/* Begin XCConfigurationList section */
		01E4091B2C6CD0C60006B86F /* Build configuration list for PBXProject "LetsBasketball" */ = {
			isa = XCConfigurationList;
			buildConfigurations = (
				01E409322C6CD0C90006B86F /* Debug */,
				01E409332C6CD0C90006B86F /* Release */,
			);
			defaultConfigurationIsVisible = 0;
			defaultConfigurationName = Release;
		};
		01E409342C6CD0C90006B86F /* Build configuration list for PBXNativeTarget "LetsBasketball" */ = {
			isa = XCConfigurationList;
			buildConfigurations = (
				01E409352C6CD0C90006B86F /* Debug */,
				01E409362C6CD0C90006B86F /* Release */,
			);
			defaultConfigurationIsVisible = 0;
			defaultConfigurationName = Release;
		};
/* End XCConfigurationList section */

/* Begin XCRemoteSwiftPackageReference section */
		01D112712C7610A5006B20BB /* XCRemoteSwiftPackageReference "Tabman" */ = {
			isa = XCRemoteSwiftPackageReference;
			repositoryURL = "https://github.com/uias/Tabman.git";
			requirement = {
				kind = upToNextMajorVersion;
				minimumVersion = 3.2.0;
			};
		};
		01E409392C6CD6CC0006B86F /* XCRemoteSwiftPackageReference "Alamofire" */ = {
			isa = XCRemoteSwiftPackageReference;
			repositoryURL = "https://github.com/Alamofire/Alamofire.git";
			requirement = {
				kind = upToNextMajorVersion;
				minimumVersion = 5.9.1;
			};
		};
		01E4093C2C6CD6D60006B86F /* XCRemoteSwiftPackageReference "Kingfisher" */ = {
			isa = XCRemoteSwiftPackageReference;
			repositoryURL = "https://github.com/onevcat/Kingfisher.git";
			requirement = {
				kind = upToNextMajorVersion;
				minimumVersion = 7.12.0;
			};
		};
		01E4093F2C6CD6EC0006B86F /* XCRemoteSwiftPackageReference "RxSwift" */ = {
			isa = XCRemoteSwiftPackageReference;
			repositoryURL = "https://github.com/ReactiveX/RxSwift";
			requirement = {
				kind = upToNextMajorVersion;
				minimumVersion = 6.7.1;
			};
		};
		01E409442C6CD6F90006B86F /* XCRemoteSwiftPackageReference "SnapKit" */ = {
			isa = XCRemoteSwiftPackageReference;
			repositoryURL = "https://github.com/SnapKit/SnapKit";
			requirement = {
				kind = upToNextMajorVersion;
				minimumVersion = 5.7.1;
			};
		};
/* End XCRemoteSwiftPackageReference section */

/* Begin XCSwiftPackageProductDependency section */
		01D112722C7610A5006B20BB /* Tabman */ = {
			isa = XCSwiftPackageProductDependency;
			package = 01D112712C7610A5006B20BB /* XCRemoteSwiftPackageReference "Tabman" */;
			productName = Tabman;
		};
		01E4093A2C6CD6CC0006B86F /* Alamofire */ = {
			isa = XCSwiftPackageProductDependency;
			package = 01E409392C6CD6CC0006B86F /* XCRemoteSwiftPackageReference "Alamofire" */;
			productName = Alamofire;
		};
		01E4093D2C6CD6D60006B86F /* Kingfisher */ = {
			isa = XCSwiftPackageProductDependency;
			package = 01E4093C2C6CD6D60006B86F /* XCRemoteSwiftPackageReference "Kingfisher" */;
			productName = Kingfisher;
		};
		01E409402C6CD6EC0006B86F /* RxCocoa */ = {
			isa = XCSwiftPackageProductDependency;
			package = 01E4093F2C6CD6EC0006B86F /* XCRemoteSwiftPackageReference "RxSwift" */;
			productName = RxCocoa;
		};
		01E409422C6CD6EC0006B86F /* RxSwift */ = {
			isa = XCSwiftPackageProductDependency;
			package = 01E4093F2C6CD6EC0006B86F /* XCRemoteSwiftPackageReference "RxSwift" */;
			productName = RxSwift;
		};
		01E409452C6CD6F90006B86F /* SnapKit */ = {
			isa = XCSwiftPackageProductDependency;
			package = 01E409442C6CD6F90006B86F /* XCRemoteSwiftPackageReference "SnapKit" */;
			productName = SnapKit;
		};
/* End XCSwiftPackageProductDependency section */
	};
	rootObject = 01E409182C6CD0C60006B86F /* Project object */;
}
